
Microsoft Visual Studio Solution File, Format Version 12.00
# Visual Studio 15
VisualStudioVersion = 15.0.28307.102
MinimumVisualStudioVersion = 10.0.40219.1
Project("{F184B08F-C81C-45F6-A57F-5ABD9991F28F}") = "RSA", "RSA.vbproj", "{AA15063C-11A3-4E15-B71A-DEB53BE7969D}"
EndProject
Project("{54435603-DBB4-11D2-8724-00A0C9A8B90C}") = "RSA Setup", "..\RSA Setup\RSA Setup.vdproj", "{BD41301B-7C9B-4B48-A080-EFE97FC6211B}"
EndProject
Global
	GlobalSection(SolutionConfigurationPlatforms) = preSolution
		Debug|Any CPU = Debug|Any CPU
		Debug|x86 = Debug|x86
		Release|Any CPU = Release|Any CPU
		Release|x86 = Release|x86
	EndGlobalSection
	GlobalSection(ProjectConfigurationPlatforms) = postSolution
		{AA15063C-11A3-4E15-B71A-DEB53BE7969D}.Debug|Any CPU.ActiveCfg = Debug|Any CPU
		{AA15063C-11A3-4E15-B71A-DEB53BE7969D}.Debug|Any CPU.Build.0 = Debug|Any CPU
		{AA15063C-11A3-4E15-B71A-DEB53BE7969D}.Debug|x86.ActiveCfg = Debug|x86
		{AA15063C-11A3-4E15-B71A-DEB53BE7969D}.Debug|x86.Build.0 = Debug|x86
		{AA15063C-11A3-4E15-B71A-DEB53BE7969D}.Release|Any CPU.ActiveCfg = Release|Any CPU
		{AA15063C-11A3-4E15-B71A-DEB53BE7969D}.Release|Any CPU.Build.0 = Release|Any CPU
		{AA15063C-11A3-4E15-B71A-DEB53BE7969D}.Release|x86.ActiveCfg = Release|x86
		{AA15063C-11A3-4E15-B71A-DEB53BE7969D}.Release|x86.Build.0 = Release|x86
		{BD41301B-7C9B-4B48-A080-EFE97FC6211B}.Debug|Any CPU.ActiveCfg = Debug
		{BD41301B-7C9B-4B48-A080-EFE97FC6211B}.Debug|x86.ActiveCfg = Debug
		{BD41301B-7C9B-4B48-A080-EFE97FC6211B}.Release|Any CPU.ActiveCfg = Release
		{BD41301B-7C9B-4B48-A080-EFE97FC6211B}.Release|x86.ActiveCfg = Release
	EndGlobalSection
	GlobalSection(SolutionProperties) = preSolution
		HideSolutionNode = FALSE
	EndGlobalSection
	GlobalSection(ExtensibilityGlobals) = postSolution
		SolutionGuid = {1E0A729D-DBC4-4AF2-B002-7FF9703D5600}
	EndGlobalSection
EndGlobal
